// !$*UTF8*$!
{
	archiveVersion = 1;
	classes = {
	};
	objectVersion = 46;
	objects = {

/* Begin PBXBuildFile section */
		2D2EDC55BD127283434B4ACC /* libPods-TestFlexibleCell.a in Frameworks */ = {isa = PBXBuildFile; fileRef = 9F74183BEB4535D0D36CDC17 /* libPods-TestFlexibleCell.a */; };
		750A62A41BDDD7E8005ABA1C /* OptionTableViewCell.m in Sources */ = {isa = PBXBuildFile; fileRef = 750A62A21BDDD7E8005ABA1C /* OptionTableViewCell.m */; };
		750A62A51BDDD7E8005ABA1C /* OptionTableViewCell.xib in Resources */ = {isa = PBXBuildFile; fileRef = 750A62A31BDDD7E8005ABA1C /* OptionTableViewCell.xib */; };
		750A62A91BDDDE23005ABA1C /* InsertCallBackCell.m in Sources */ = {isa = PBXBuildFile; fileRef = 750A62A71BDDDE23005ABA1C /* InsertCallBackCell.m */; };
		750A62AA1BDDDE23005ABA1C /* InsertCallBackCell.xib in Resources */ = {isa = PBXBuildFile; fileRef = 750A62A81BDDDE23005ABA1C /* InsertCallBackCell.xib */; };
		750A62AE1BDDF183005ABA1C /* WordViewController.m in Sources */ = {isa = PBXBuildFile; fileRef = 750A62AC1BDDF183005ABA1C /* WordViewController.m */; };
		750A62AF1BDDF183005ABA1C /* WordViewController.xib in Resources */ = {isa = PBXBuildFile; fileRef = 750A62AD1BDDF183005ABA1C /* WordViewController.xib */; };
		750A62B21BDDF6C3005ABA1C /* BaseModel.m in Sources */ = {isa = PBXBuildFile; fileRef = 750A62B11BDDF6C3005ABA1C /* BaseModel.m */; };
		750A62B51BDE166A005ABA1C /* UIView+SnapShot.m in Sources */ = {isa = PBXBuildFile; fileRef = 750A62B41BDE166A005ABA1C /* UIView+SnapShot.m */; };
		750A62B81BDE289F005ABA1C /* OptionView.m in Sources */ = {isa = PBXBuildFile; fileRef = 750A62B71BDE289F005ABA1C /* OptionView.m */; };
		750A62BA1BDE28B0005ABA1C /* OptionView.xib in Resources */ = {isa = PBXBuildFile; fileRef = 750A62B91BDE28B0005ABA1C /* OptionView.xib */; };
		7520B48C1BDDC7B70098BBAE /* main.m in Sources */ = {isa = PBXBuildFile; fileRef = 7520B48B1BDDC7B70098BBAE /* main.m */; };
		7520B48F1BDDC7B70098BBAE /* AppDelegate.m in Sources */ = {isa = PBXBuildFile; fileRef = 7520B48E1BDDC7B70098BBAE /* AppDelegate.m */; };
		7520B4921BDDC7B70098BBAE /* ViewController.m in Sources */ = {isa = PBXBuildFile; fileRef = 7520B4911BDDC7B70098BBAE /* ViewController.m */; };
		7520B4951BDDC7B70098BBAE /* Main.storyboard in Resources */ = {isa = PBXBuildFile; fileRef = 7520B4931BDDC7B70098BBAE /* Main.storyboard */; };
		7520B4971BDDC7B70098BBAE /* Assets.xcassets in Resources */ = {isa = PBXBuildFile; fileRef = 7520B4961BDDC7B70098BBAE /* Assets.xcassets */; };
		7520B49A1BDDC7B70098BBAE /* LaunchScreen.storyboard in Resources */ = {isa = PBXBuildFile; fileRef = 7520B4981BDDC7B70098BBAE /* LaunchScreen.storyboard */; };
		7520B4A51BDDC7B70098BBAE /* TestFlexibleCellTests.m in Sources */ = {isa = PBXBuildFile; fileRef = 7520B4A41BDDC7B70098BBAE /* TestFlexibleCellTests.m */; };
		7520B4B01BDDC7B70098BBAE /* TestFlexibleCellUITests.m in Sources */ = {isa = PBXBuildFile; fileRef = 7520B4AF1BDDC7B70098BBAE /* TestFlexibleCellUITests.m */; };
/* End PBXBuildFile section */

/* Begin PBXContainerItemProxy section */
		7520B4A11BDDC7B70098BBAE /* PBXContainerItemProxy */ = {
			isa = PBXContainerItemProxy;
			containerPortal = 7520B47F1BDDC7B70098BBAE /* Project object */;
			proxyType = 1;
			remoteGlobalIDString = 7520B4861BDDC7B70098BBAE;
			remoteInfo = TestFlexibleCell;
		};
		7520B4AC1BDDC7B70098BBAE /* PBXContainerItemProxy */ = {
			isa = PBXContainerItemProxy;
			containerPortal = 7520B47F1BDDC7B70098BBAE /* Project object */;
			proxyType = 1;
			remoteGlobalIDString = 7520B4861BDDC7B70098BBAE;
			remoteInfo = TestFlexibleCell;
		};
/* End PBXContainerItemProxy section */

/* Begin PBXFileReference section */
		750A62A11BDDD7E8005ABA1C /* OptionTableViewCell.h */ = {isa = PBXFileReference; fileEncoding = 4; lastKnownFileType = sourcecode.c.h; path = OptionTableViewCell.h; sourceTree = "<group>"; };
		750A62A21BDDD7E8005ABA1C /* OptionTableViewCell.m */ = {isa = PBXFileReference; fileEncoding = 4; lastKnownFileType = sourcecode.c.objc; path = OptionTableViewCell.m; sourceTree = "<group>"; };
		750A62A31BDDD7E8005ABA1C /* OptionTableViewCell.xib */ = {isa = PBXFileReference; fileEncoding = 4; lastKnownFileType = file.xib; path = OptionTableViewCell.xib; sourceTree = "<group>"; };
		750A62A61BDDDE23005ABA1C /* InsertCallBackCell.h */ = {isa = PBXFileReference; fileEncoding = 4; lastKnownFileType = sourcecode.c.h; path = InsertCallBackCell.h; sourceTree = "<group>"; };
		750A62A71BDDDE23005ABA1C /* InsertCallBackCell.m */ = {isa = PBXFileReference; fileEncoding = 4; lastKnownFileType = sourcecode.c.objc; path = InsertCallBackCell.m; sourceTree = "<group>"; };
		750A62A81BDDDE23005ABA1C /* InsertCallBackCell.xib */ = {isa = PBXFileReference; fileEncoding = 4; lastKnownFileType = file.xib; path = InsertCallBackCell.xib; sourceTree = "<group>"; };
		750A62AB1BDDF183005ABA1C /* WordViewController.h */ = {isa = PBXFileReference; fileEncoding = 4; lastKnownFileType = sourcecode.c.h; path = WordViewController.h; sourceTree = "<group>"; };
		750A62AC1BDDF183005ABA1C /* WordViewController.m */ = {isa = PBXFileReference; fileEncoding = 4; lastKnownFileType = sourcecode.c.objc; path = WordViewController.m; sourceTree = "<group>"; };
		750A62AD1BDDF183005ABA1C /* WordViewController.xib */ = {isa = PBXFileReference; fileEncoding = 4; lastKnownFileType = file.xib; path = WordViewController.xib; sourceTree = "<group>"; };
		750A62B01BDDF6C3005ABA1C /* BaseModel.h */ = {isa = PBXFileReference; fileEncoding = 4; lastKnownFileType = sourcecode.c.h; path = BaseModel.h; sourceTree = "<group>"; };
		750A62B11BDDF6C3005ABA1C /* BaseModel.m */ = {isa = PBXFileReference; fileEncoding = 4; lastKnownFileType = sourcecode.c.objc; path = BaseModel.m; sourceTree = "<group>"; };
		750A62B31BDE166A005ABA1C /* UIView+SnapShot.h */ = {isa = PBXFileReference; fileEncoding = 4; lastKnownFileType = sourcecode.c.h; path = "UIView+SnapShot.h"; sourceTree = "<group>"; };
		750A62B41BDE166A005ABA1C /* UIView+SnapShot.m */ = {isa = PBXFileReference; fileEncoding = 4; lastKnownFileType = sourcecode.c.objc; path = "UIView+SnapShot.m"; sourceTree = "<group>"; };
		750A62B61BDE289F005ABA1C /* OptionView.h */ = {isa = PBXFileReference; fileEncoding = 4; lastKnownFileType = sourcecode.c.h; path = OptionView.h; sourceTree = "<group>"; };
		750A62B71BDE289F005ABA1C /* OptionView.m */ = {isa = PBXFileReference; fileEncoding = 4; lastKnownFileType = sourcecode.c.objc; path = OptionView.m; sourceTree = "<group>"; };
		750A62B91BDE28B0005ABA1C /* OptionView.xib */ = {isa = PBXFileReference; fileEncoding = 4; lastKnownFileType = file.xib; path = OptionView.xib; sourceTree = "<group>"; };
		7520B4871BDDC7B70098BBAE /* TestFlexibleCell.app */ = {isa = PBXFileReference; explicitFileType = wrapper.application; includeInIndex = 0; path = TestFlexibleCell.app; sourceTree = BUILT_PRODUCTS_DIR; };
		7520B48B1BDDC7B70098BBAE /* main.m */ = {isa = PBXFileReference; lastKnownFileType = sourcecode.c.objc; path = main.m; sourceTree = "<group>"; };
		7520B48D1BDDC7B70098BBAE /* AppDelegate.h */ = {isa = PBXFileReference; lastKnownFileType = sourcecode.c.h; path = AppDelegate.h; sourceTree = "<group>"; };
		7520B48E1BDDC7B70098BBAE /* AppDelegate.m */ = {isa = PBXFileReference; lastKnownFileType = sourcecode.c.objc; path = AppDelegate.m; sourceTree = "<group>"; };
		7520B4901BDDC7B70098BBAE /* ViewController.h */ = {isa = PBXFileReference; lastKnownFileType = sourcecode.c.h; path = ViewController.h; sourceTree = "<group>"; };
		7520B4911BDDC7B70098BBAE /* ViewController.m */ = {isa = PBXFileReference; lastKnownFileType = sourcecode.c.objc; path = ViewController.m; sourceTree = "<group>"; };
		7520B4941BDDC7B70098BBAE /* Base */ = {isa = PBXFileReference; lastKnownFileType = file.storyboard; name = Base; path = Base.lproj/Main.storyboard; sourceTree = "<group>"; };
		7520B4961BDDC7B70098BBAE /* Assets.xcassets */ = {isa = PBXFileReference; lastKnownFileType = folder.assetcatalog; path = Assets.xcassets; sourceTree = "<group>"; };
		7520B4991BDDC7B70098BBAE /* Base */ = {isa = PBXFileReference; lastKnownFileType = file.storyboard; name = Base; path = Base.lproj/LaunchScreen.storyboard; sourceTree = "<group>"; };
		7520B49B1BDDC7B70098BBAE /* Info.plist */ = {isa = PBXFileReference; lastKnownFileType = text.plist.xml; path = Info.plist; sourceTree = "<group>"; };
		7520B4A01BDDC7B70098BBAE /* TestFlexibleCellTests.xctest */ = {isa = PBXFileReference; explicitFileType = wrapper.cfbundle; includeInIndex = 0; path = TestFlexibleCellTests.xctest; sourceTree = BUILT_PRODUCTS_DIR; };
		7520B4A41BDDC7B70098BBAE /* TestFlexibleCellTests.m */ = {isa = PBXFileReference; lastKnownFileType = sourcecode.c.objc; path = TestFlexibleCellTests.m; sourceTree = "<group>"; };
		7520B4A61BDDC7B70098BBAE /* Info.plist */ = {isa = PBXFileReference; lastKnownFileType = text.plist.xml; path = Info.plist; sourceTree = "<group>"; };
		7520B4AB1BDDC7B70098BBAE /* TestFlexibleCellUITests.xctest */ = {isa = PBXFileReference; explicitFileType = wrapper.cfbundle; includeInIndex = 0; path = TestFlexibleCellUITests.xctest; sourceTree = BUILT_PRODUCTS_DIR; };
		7520B4AF1BDDC7B70098BBAE /* TestFlexibleCellUITests.m */ = {isa = PBXFileReference; lastKnownFileType = sourcecode.c.objc; path = TestFlexibleCellUITests.m; sourceTree = "<group>"; };
		7520B4B11BDDC7B70098BBAE /* Info.plist */ = {isa = PBXFileReference; lastKnownFileType = text.plist.xml; path = Info.plist; sourceTree = "<group>"; };
		83CCE7B1C0EB05CED8432B77 /* Pods-TestFlexibleCell.debug.xcconfig */ = {isa = PBXFileReference; includeInIndex = 1; lastKnownFileType = text.xcconfig; name = "Pods-TestFlexibleCell.debug.xcconfig"; path = "Pods/Target Support Files/Pods-TestFlexibleCell/Pods-TestFlexibleCell.debug.xcconfig"; sourceTree = "<group>"; };
		9F74183BEB4535D0D36CDC17 /* libPods-TestFlexibleCell.a */ = {isa = PBXFileReference; explicitFileType = archive.ar; includeInIndex = 0; path = "libPods-TestFlexibleCell.a"; sourceTree = BUILT_PRODUCTS_DIR; };
		E6DFF304A7BCB57C94A01EAC /* Pods-TestFlexibleCell.release.xcconfig */ = {isa = PBXFileReference; includeInIndex = 1; lastKnownFileType = text.xcconfig; name = "Pods-TestFlexibleCell.release.xcconfig"; path = "Pods/Target Support Files/Pods-TestFlexibleCell/Pods-TestFlexibleCell.release.xcconfig"; sourceTree = "<group>"; };
/* End PBXFileReference section */

/* Begin PBXFrameworksBuildPhase section */
		7520B4841BDDC7B70098BBAE /* Frameworks */ = {
			isa = PBXFrameworksBuildPhase;
			buildActionMask = 2147483647;
			files = (
				2D2EDC55BD127283434B4ACC /* libPods-TestFlexibleCell.a in Frameworks */,
			);
			runOnlyForDeploymentPostprocessing = 0;
		};
		7520B49D1BDDC7B70098BBAE /* Frameworks */ = {
			isa = PBXFrameworksBuildPhase;
			buildActionMask = 2147483647;
			files = (
			);
			runOnlyForDeploymentPostprocessing = 0;
		};
		7520B4A81BDDC7B70098BBAE /* Frameworks */ = {
			isa = PBXFrameworksBuildPhase;
			buildActionMask = 2147483647;
			files = (
			);
			runOnlyForDeploymentPostprocessing = 0;
		};
/* End PBXFrameworksBuildPhase section */

/* Begin PBXGroup section */
		54558E30C9D617B84D80D28E /* Frameworks */ = {
			isa = PBXGroup;
			children = (
				9F74183BEB4535D0D36CDC17 /* libPods-TestFlexibleCell.a */,
			);
			name = Frameworks;
			sourceTree = "<group>";
		};
		7520B47E1BDDC7B70098BBAE = {
			isa = PBXGroup;
			children = (
				7520B4891BDDC7B70098BBAE /* TestFlexibleCell */,
				7520B4A31BDDC7B70098BBAE /* TestFlexibleCellTests */,
				7520B4AE1BDDC7B70098BBAE /* TestFlexibleCellUITests */,
				7520B4881BDDC7B70098BBAE /* Products */,
				9068AF6B5DE7656E215A133F /* Pods */,
				54558E30C9D617B84D80D28E /* Frameworks */,
			);
			sourceTree = "<group>";
		};
		7520B4881BDDC7B70098BBAE /* Products */ = {
			isa = PBXGroup;
			children = (
				7520B4871BDDC7B70098BBAE /* TestFlexibleCell.app */,
				7520B4A01BDDC7B70098BBAE /* TestFlexibleCellTests.xctest */,
				7520B4AB1BDDC7B70098BBAE /* TestFlexibleCellUITests.xctest */,
			);
			name = Products;
			sourceTree = "<group>";
		};
		7520B4891BDDC7B70098BBAE /* TestFlexibleCell */ = {
			isa = PBXGroup;
			children = (
				7520B48D1BDDC7B70098BBAE /* AppDelegate.h */,
				7520B48E1BDDC7B70098BBAE /* AppDelegate.m */,
				7520B4901BDDC7B70098BBAE /* ViewController.h */,
				7520B4911BDDC7B70098BBAE /* ViewController.m */,
				750A62AB1BDDF183005ABA1C /* WordViewController.h */,
				750A62AC1BDDF183005ABA1C /* WordViewController.m */,
				750A62AD1BDDF183005ABA1C /* WordViewController.xib */,
				7520B4931BDDC7B70098BBAE /* Main.storyboard */,
				750A62A11BDDD7E8005ABA1C /* OptionTableViewCell.h */,
				750A62A21BDDD7E8005ABA1C /* OptionTableViewCell.m */,
				750A62A31BDDD7E8005ABA1C /* OptionTableViewCell.xib */,
				750A62B61BDE289F005ABA1C /* OptionView.h */,
				750A62B71BDE289F005ABA1C /* OptionView.m */,
				750A62B91BDE28B0005ABA1C /* OptionView.xib */,
				750A62A61BDDDE23005ABA1C /* InsertCallBackCell.h */,
				750A62A71BDDDE23005ABA1C /* InsertCallBackCell.m */,
				750A62A81BDDDE23005ABA1C /* InsertCallBackCell.xib */,
				750A62B31BDE166A005ABA1C /* UIView+SnapShot.h */,
				750A62B41BDE166A005ABA1C /* UIView+SnapShot.m */,
				750A62B01BDDF6C3005ABA1C /* BaseModel.h */,
				750A62B11BDDF6C3005ABA1C /* BaseModel.m */,
				7520B4961BDDC7B70098BBAE /* Assets.xcassets */,
				7520B4981BDDC7B70098BBAE /* LaunchScreen.storyboard */,
				7520B49B1BDDC7B70098BBAE /* Info.plist */,
				7520B48A1BDDC7B70098BBAE /* Supporting Files */,
			);
			path = TestFlexibleCell;
			sourceTree = "<group>";
		};
		7520B48A1BDDC7B70098BBAE /* Supporting Files */ = {
			isa = PBXGroup;
			children = (
				7520B48B1BDDC7B70098BBAE /* main.m */,
			);
			name = "Supporting Files";
			sourceTree = "<group>";
		};
		7520B4A31BDDC7B70098BBAE /* TestFlexibleCellTests */ = {
			isa = PBXGroup;
			children = (
				7520B4A41BDDC7B70098BBAE /* TestFlexibleCellTests.m */,
				7520B4A61BDDC7B70098BBAE /* Info.plist */,
			);
			path = TestFlexibleCellTests;
			sourceTree = "<group>";
		};
		7520B4AE1BDDC7B70098BBAE /* TestFlexibleCellUITests */ = {
			isa = PBXGroup;
			children = (
				7520B4AF1BDDC7B70098BBAE /* TestFlexibleCellUITests.m */,
				7520B4B11BDDC7B70098BBAE /* Info.plist */,
			);
			path = TestFlexibleCellUITests;
			sourceTree = "<group>";
		};
		9068AF6B5DE7656E215A133F /* Pods */ = {
			isa = PBXGroup;
			children = (
				83CCE7B1C0EB05CED8432B77 /* Pods-TestFlexibleCell.debug.xcconfig */,
				E6DFF304A7BCB57C94A01EAC /* Pods-TestFlexibleCell.release.xcconfig */,
			);
			name = Pods;
			sourceTree = "<group>";
		};
/* End PBXGroup section */

/* Begin PBXNativeTarget section */
		7520B4861BDDC7B70098BBAE /* TestFlexibleCell */ = {
			isa = PBXNativeTarget;
			buildConfigurationList = 7520B4B41BDDC7B70098BBAE /* Build configuration list for PBXNativeTarget "TestFlexibleCell" */;
			buildPhases = (
				B5EBED129CBF7171A0177B41 /* Check Pods Manifest.lock */,
				7520B4831BDDC7B70098BBAE /* Sources */,
				7520B4841BDDC7B70098BBAE /* Frameworks */,
				7520B4851BDDC7B70098BBAE /* Resources */,
				BAE204C721211EDA833BDBB1 /* Embed Pods Frameworks */,
				C01299966EE27736767B45BA /* Copy Pods Resources */,
			);
			buildRules = (
			);
			dependencies = (
			);
			name = TestFlexibleCell;
			productName = TestFlexibleCell;
			productReference = 7520B4871BDDC7B70098BBAE /* TestFlexibleCell.app */;
			productType = "com.apple.product-type.application";
		};
		7520B49F1BDDC7B70098BBAE /* TestFlexibleCellTests */ = {
			isa = PBXNativeTarget;
			buildConfigurationList = 7520B4B71BDDC7B70098BBAE /* Build configuration list for PBXNativeTarget "TestFlexibleCellTests" */;
			buildPhases = (
				7520B49C1BDDC7B70098BBAE /* Sources */,
				7520B49D1BDDC7B70098BBAE /* Frameworks */,
				7520B49E1BDDC7B70098BBAE /* Resources */,
			);
			buildRules = (
			);
			dependencies = (
				7520B4A21BDDC7B70098BBAE /* PBXTargetDependency */,
			);
			name = TestFlexibleCellTests;
			productName = TestFlexibleCellTests;
			productReference = 7520B4A01BDDC7B70098BBAE /* TestFlexibleCellTests.xctest */;
			productType = "com.apple.product-type.bundle.unit-test";
		};
		7520B4AA1BDDC7B70098BBAE /* TestFlexibleCellUITests */ = {
			isa = PBXNativeTarget;
			buildConfigurationList = 7520B4BA1BDDC7B70098BBAE /* Build configuration list for PBXNativeTarget "TestFlexibleCellUITests" */;
			buildPhases = (
				7520B4A71BDDC7B70098BBAE /* Sources */,
				7520B4A81BDDC7B70098BBAE /* Frameworks */,
				7520B4A91BDDC7B70098BBAE /* Resources */,
			);
			buildRules = (
			);
			dependencies = (
				7520B4AD1BDDC7B70098BBAE /* PBXTargetDependency */,
			);
			name = TestFlexibleCellUITests;
			productName = TestFlexibleCellUITests;
			productReference = 7520B4AB1BDDC7B70098BBAE /* TestFlexibleCellUITests.xctest */;
			productType = "com.apple.product-type.bundle.ui-testing";
		};
/* End PBXNativeTarget section */

/* Begin PBXProject section */
		7520B47F1BDDC7B70098BBAE /* Project object */ = {
			isa = PBXProject;
			attributes = {
				LastUpgradeCheck = 0710;
				ORGANIZATIONNAME = "杭州贝宇网络有限公司";
				TargetAttributes = {
					7520B4861BDDC7B70098BBAE = {
						CreatedOnToolsVersion = 7.1;
					};
					7520B49F1BDDC7B70098BBAE = {
						CreatedOnToolsVersion = 7.1;
						TestTargetID = 7520B4861BDDC7B70098BBAE;
					};
					7520B4AA1BDDC7B70098BBAE = {
						CreatedOnToolsVersion = 7.1;
						TestTargetID = 7520B4861BDDC7B70098BBAE;
					};
				};
			};
			buildConfigurationList = 7520B4821BDDC7B70098BBAE /* Build configuration list for PBXProject "TestFlexibleCell" */;
			compatibilityVersion = "Xcode 3.2";
			developmentRegion = English;
			hasScannedForEncodings = 0;
			knownRegions = (
				en,
				Base,
			);
			mainGroup = 7520B47E1BDDC7B70098BBAE;
			productRefGroup = 7520B4881BDDC7B70098BBAE /* Products */;
			projectDirPath = "";
			projectRoot = "";
			targets = (
				7520B4861BDDC7B70098BBAE /* TestFlexibleCell */,
				7520B49F1BDDC7B70098BBAE /* TestFlexibleCellTests */,
				7520B4AA1BDDC7B70098BBAE /* TestFlexibleCellUITests */,
			);
		};
/* End PBXProject section */

/* Begin PBXResourcesBuildPhase section */
		7520B4851BDDC7B70098BBAE /* Resources */ = {
			isa = PBXResourcesBuildPhase;
			buildActionMask = 2147483647;
			files = (
				750A62AF1BDDF183005ABA1C /* WordViewController.xib in Resources */,
				750A62A51BDDD7E8005ABA1C /* OptionTableViewCell.xib in Resources */,
				750A62AA1BDDDE23005ABA1C /* InsertCallBackCell.xib in Resources */,
				750A62BA1BDE28B0005ABA1C /* OptionView.xib in Resources */,
				7520B49A1BDDC7B70098BBAE /* LaunchScreen.storyboard in Resources */,
				7520B4971BDDC7B70098BBAE /* Assets.xcassets in Resources */,
				7520B4951BDDC7B70098BBAE /* Main.storyboard in Resources */,
			);
			runOnlyForDeploymentPostprocessing = 0;
		};
		7520B49E1BDDC7B70098BBAE /* Resources */ = {
			isa = PBXResourcesBuildPhase;
			buildActionMask = 2147483647;
			files = (
			);
			runOnlyForDeploymentPostprocessing = 0;
		};
		7520B4A91BDDC7B70098BBAE /* Resources */ = {
			isa = PBXResourcesBuildPhase;
			buildActionMask = 2147483647;
			files = (
			);
			runOnlyForDeploymentPostprocessing = 0;
		};
/* End PBXResourcesBuildPhase section */

/* Begin PBXShellScriptBuildPhase section */
		B5EBED129CBF7171A0177B41 /* Check Pods Manifest.lock */ = {
			isa = PBXShellScriptBuildPhase;
			buildActionMask = 2147483647;
			files = (
			);
			inputPaths = (
			);
			name = "Check Pods Manifest.lock";
			outputPaths = (
			);
			runOnlyForDeploymentPostprocessing = 0;
			shellPath = /bin/sh;
			shellScript = "diff \"${PODS_ROOT}/../Podfile.lock\" \"${PODS_ROOT}/Manifest.lock\" > /dev/null\nif [[ $? != 0 ]] ; then\n    cat << EOM\nerror: The sandbox is not in sync with the Podfile.lock. Run 'pod install' or update your CocoaPods installation.\nEOM\n    exit 1\nfi\n";
			showEnvVarsInLog = 0;
		};
		BAE204C721211EDA833BDBB1 /* Embed Pods Frameworks */ = {
			isa = PBXShellScriptBuildPhase;
			buildActionMask = 2147483647;
			files = (
			);
			inputPaths = (
			);
			name = "Embed Pods Frameworks";
			outputPaths = (
			);
			runOnlyForDeploymentPostprocessing = 0;
			shellPath = /bin/sh;
			shellScript = "\"${SRCROOT}/Pods/Target Support Files/Pods-TestFlexibleCell/Pods-TestFlexibleCell-frameworks.sh\"\n";
			showEnvVarsInLog = 0;
		};
		C01299966EE27736767B45BA /* Copy Pods Resources */ = {
			isa = PBXShellScriptBuildPhase;
			buildActionMask = 2147483647;
			files = (
			);
			inputPaths = (
			);
			name = "Copy Pods Resources";
			outputPaths = (
			);
			runOnlyForDeploymentPostprocessing = 0;
			shellPath = /bin/sh;
			shellScript = "\"${SRCROOT}/Pods/Target Support Files/Pods-TestFlexibleCell/Pods-TestFlexibleCell-resources.sh\"\n";
			showEnvVarsInLog = 0;
		};
/* End PBXShellScriptBuildPhase section */

/* Begin PBXSourcesBuildPhase section */
		7520B4831BDDC7B70098BBAE /* Sources */ = {
			isa = PBXSourcesBuildPhase;
			buildActionMask = 2147483647;
			files = (
				750A62B51BDE166A005ABA1C /* UIView+SnapShot.m in Sources */,
				750A62A91BDDDE23005ABA1C /* InsertCallBackCell.m in Sources */,
				750A62A41BDDD7E8005ABA1C /* OptionTableViewCell.m in Sources */,
				750A62AE1BDDF183005ABA1C /* WordViewController.m in Sources */,
				750A62B21BDDF6C3005ABA1C /* BaseModel.m in Sources */,
				7520B4921BDDC7B70098BBAE /* ViewController.m in Sources */,
				7520B48F1BDDC7B70098BBAE /* AppDelegate.m in Sources */,
				750A62B81BDE289F005ABA1C /* OptionView.m in Sources */,
				7520B48C1BDDC7B70098BBAE /* main.m in Sources */,
			);
			runOnlyForDeploymentPostprocessing = 0;
		};
		7520B49C1BDDC7B70098BBAE /* Sources */ = {
			isa = PBXSourcesBuildPhase;
			buildActionMask = 2147483647;
			files = (
				7520B4A51BDDC7B70098BBAE /* TestFlexibleCellTests.m in Sources */,
			);
			runOnlyForDeploymentPostprocessing = 0;
		};
		7520B4A71BDDC7B70098BBAE /* Sources */ = {
			isa = PBXSourcesBuildPhase;
			buildActionMask = 2147483647;
			files = (
				7520B4B01BDDC7B70098BBAE /* TestFlexibleCellUITests.m in Sources */,
			);
			runOnlyForDeploymentPostprocessing = 0;
		};
/* End PBXSourcesBuildPhase section */

/* Begin PBXTargetDependency section */
		7520B4A21BDDC7B70098BBAE /* PBXTargetDependency */ = {
			isa = PBXTargetDependency;
			target = 7520B4861BDDC7B70098BBAE /* TestFlexibleCell */;
			targetProxy = 7520B4A11BDDC7B70098BBAE /* PBXContainerItemProxy */;
		};
		7520B4AD1BDDC7B70098BBAE /* PBXTargetDependency */ = {
			isa = PBXTargetDependency;
			target = 7520B4861BDDC7B70098BBAE /* TestFlexibleCell */;
			targetProxy = 7520B4AC1BDDC7B70098BBAE /* PBXContainerItemProxy */;
		};
/* End PBXTargetDependency section */

/* Begin PBXVariantGroup section */
		7520B4931BDDC7B70098BBAE /* Main.storyboard */ = {
			isa = PBXVariantGroup;
			children = (
				7520B4941BDDC7B70098BBAE /* Base */,
			);
			name = Main.storyboard;
			sourceTree = "<group>";
		};
		7520B4981BDDC7B70098BBAE /* LaunchScreen.storyboard */ = {
			isa = PBXVariantGroup;
			children = (
				7520B4991BDDC7B70098BBAE /* Base */,
			);
			name = LaunchScreen.storyboard;
			sourceTree = "<group>";
		};
/* End PBXVariantGroup section */

/* Begin XCBuildConfiguration section */
		7520B4B21BDDC7B70098BBAE /* Debug */ = {
			isa = XCBuildConfiguration;
			buildSettings = {
				ALWAYS_SEARCH_USER_PATHS = NO;
				CLANG_CXX_LANGUAGE_STANDARD = "gnu++0x";
				CLANG_CXX_LIBRARY = "libc++";
				CLANG_ENABLE_MODULES = YES;
				CLANG_ENABLE_OBJC_ARC = YES;
				CLANG_WARN_BOOL_CONVERSION = YES;
				CLANG_WARN_CONSTANT_CONVERSION = YES;
				CLANG_WARN_DIRECT_OBJC_ISA_USAGE = YES_ERROR;
				CLANG_WARN_EMPTY_BODY = YES;
				CLANG_WARN_ENUM_CONVERSION = YES;
				CLANG_WARN_INT_CONVERSION = YES;
				CLANG_WARN_OBJC_ROOT_CLASS = YES_ERROR;
				CLANG_WARN_UNREACHABLE_CODE = YES;
				CLANG_WARN__DUPLICATE_METHOD_MATCH = YES;
				"CODE_SIGN_IDENTITY[sdk=iphoneos*]" = "iPhone Developer";
				COPY_PHASE_STRIP = NO;
				DEBUG_INFORMATION_FORMAT = dwarf;
				ENABLE_STRICT_OBJC_MSGSEND = YES;
				ENABLE_TESTABILITY = YES;
				GCC_C_LANGUAGE_STANDARD = gnu99;
				GCC_DYNAMIC_NO_PIC = NO;
				GCC_NO_COMMON_BLOCKS = YES;
				GCC_OPTIMIZATION_LEVEL = 0;
				GCC_PREPROCESSOR_DEFINITIONS = (
					"DEBUG=1",
					"$(inherited)",
				);
				GCC_WARN_64_TO_32_BIT_CONVERSION = YES;
				GCC_WARN_ABOUT_RETURN_TYPE = YES_ERROR;
				GCC_WARN_UNDECLARED_SELECTOR = YES;
				GCC_WARN_UNINITIALIZED_AUTOS = YES_AGGRESSIVE;
				GCC_WARN_UNUSED_FUNCTION = YES;
				GCC_WARN_UNUSED_VARIABLE = YES;
				IPHONEOS_DEPLOYMENT_TARGET = 9.1;
				MTL_ENABLE_DEBUG_INFO = YES;
				ONLY_ACTIVE_ARCH = YES;
				SDKROOT = iphoneos;
				TARGETED_DEVICE_FAMILY = "1,2";
			};
			name = Debug;
		};
		7520B4B31BDDC7B70098BBAE /* Release */ = {
			isa = XCBuildConfiguration;
			buildSettings = {
				ALWAYS_SEARCH_USER_PATHS = NO;
				CLANG_CXX_LANGUAGE_STANDARD = "gnu++0x";
				CLANG_CXX_LIBRARY = "libc++";
				CLANG_ENABLE_MODULES = YES;
				CLANG_ENABLE_OBJC_ARC = YES;
				CLANG_WARN_BOOL_CONVERSION = YES;
				CLANG_WARN_CONSTANT_CONVERSION = YES;
				CLANG_WARN_DIRECT_OBJC_ISA_USAGE = YES_ERROR;
				CLANG_WARN_EMPTY_BODY = YES;
				CLANG_WARN_ENUM_CONVERSION = YES;
				CLANG_WARN_INT_CONVERSION = YES;
				CLANG_WARN_OBJC_ROOT_CLASS = YES_ERROR;
				CLANG_WARN_UNREACHABLE_CODE = YES;
				CLANG_WARN__DUPLICATE_METHOD_MATCH = YES;
				"CODE_SIGN_IDENTITY[sdk=iphoneos*]" = "iPhone Developer";
				COPY_PHASE_STRIP = NO;
				DEBUG_INFORMATION_FORMAT = "dwarf-with-dsym";
				ENABLE_NS_ASSERTIONS = NO;
				ENABLE_STRICT_OBJC_MSGSEND = YES;
				GCC_C_LANGUAGE_STANDARD = gnu99;
				GCC_NO_COMMON_BLOCKS = YES;
				GCC_WARN_64_TO_32_BIT_CONVERSION = YES;
				GCC_WARN_ABOUT_RETURN_TYPE = YES_ERROR;
				GCC_WARN_UNDECLARED_SELECTOR = YES;
				GCC_WARN_UNINITIALIZED_AUTOS = YES_AGGRESSIVE;
				GCC_WARN_UNUSED_FUNCTION = YES;
				GCC_WARN_UNUSED_VARIABLE = YES;
				IPHONEOS_DEPLOYMENT_TARGET = 9.1;
				MTL_ENABLE_DEBUG_INFO = NO;
				SDKROOT = iphoneos;
				TARGETED_DEVICE_FAMILY = "1,2";
				VALIDATE_PRODUCT = YES;
			};
			name = Release;
		};
		7520B4B51BDDC7B70098BBAE /* Debug */ = {
			isa = XCBuildConfiguration;
			baseConfigurationReference = 83CCE7B1C0EB05CED8432B77 /* Pods-TestFlexibleCell.debug.xcconfig */;
			buildSettings = {
				ASSETCATALOG_COMPILER_APPICON_NAME = AppIcon;
				INFOPLIST_FILE = TestFlexibleCell/Info.plist;
				LD_RUNPATH_SEARCH_PATHS = "$(inherited) @executable_path/Frameworks";
				PRODUCT_BUNDLE_IDENTIFIER = com.cosmeapp.TestFlexibleCell;
				PRODUCT_NAME = "$(TARGET_NAME)";
			};
			name = Debug;
		};
		7520B4B61BDDC7B70098BBAE /* Release */ = {
			isa = XCBuildConfiguration;
			baseConfigurationReference = E6DFF304A7BCB57C94A01EAC /* Pods-TestFlexibleCell.release.xcconfig */;
			buildSettings = {
				ASSETCATALOG_COMPILER_APPICON_NAME = AppIcon;
				INFOPLIST_FILE = TestFlexibleCell/Info.plist;
				LD_RUNPATH_SEARCH_PATHS = "$(inherited) @executable_path/Frameworks";
				PRODUCT_BUNDLE_IDENTIFIER = com.cosmeapp.TestFlexibleCell;
				PRODUCT_NAME = "$(TARGET_NAME)";
			};
			name = Release;
		};
		7520B4B81BDDC7B70098BBAE /* Debug */ = {
			isa = XCBuildConfiguration;
			buildSettings = {
				BUNDLE_LOADER = "$(TEST_HOST)";
				INFOPLIST_FILE = TestFlexibleCellTests/Info.plist;
				LD_RUNPATH_SEARCH_PATHS = "$(inherited) @executable_path/Frameworks @loader_path/Frameworks";
				PRODUCT_BUNDLE_IDENTIFIER = com.cosmeapp.TestFlexibleCellTests;
				PRODUCT_NAME = "$(TARGET_NAME)";
				TEST_HOST = "$(BUILT_PRODUCTS_DIR)/TestFlexibleCell.app/TestFlexibleCell";
			};
			name = Debug;
		};
		7520B4B91BDDC7B70098BBAE /* Release */ = {
			isa = XCBuildConfiguration;
			buildSettings = {
				BUNDLE_LOADER = "$(TEST_HOST)";
				INFOPLIST_FILE = TestFlexibleCellTests/Info.plist;
				LD_RUNPATH_SEARCH_PATHS = "$(inherited) @executable_path/Frameworks @loader_path/Frameworks";
				PRODUCT_BUNDLE_IDENTIFIER = com.cosmeapp.TestFlexibleCellTests;
				PRODUCT_NAME = "$(TARGET_NAME)";
				TEST_HOST = "$(BUILT_PRODUCTS_DIR)/TestFlexibleCell.app/TestFlexibleCell";
			};
			name = Release;
		};
		7520B4BB1BDDC7B70098BBAE /* Debug */ = {
			isa = XCBuildConfiguration;
			buildSettings = {
				INFOPLIST_FILE = TestFlexibleCellUITests/Info.plist;
				LD_RUNPATH_SEARCH_PATHS = "$(inherited) @executable_path/Frameworks @loader_path/Frameworks";
				PRODUCT_BUNDLE_IDENTIFIER = com.cosmeapp.TestFlexibleCellUITests;
				PRODUCT_NAME = "$(TARGET_NAME)";
				TEST_TARGET_NAME = TestFlexibleCell;
				USES_XCTRUNNER = YES;
			};
			name = Debug;
		};
		7520B4BC1BDDC7B70098BBAE /* Release */ = {
			isa = XCBuildConfiguration;
			buildSettings = {
				INFOPLIST_FILE = TestFlexibleCellUITests/Info.plist;
				LD_RUNPATH_SEARCH_PATHS = "$(inherited) @executable_path/Frameworks @loader_path/Frameworks";
				PRODUCT_BUNDLE_IDENTIFIER = com.cosmeapp.TestFlexibleCellUITests;
				PRODUCT_NAME = "$(TARGET_NAME)";
				TEST_TARGET_NAME = TestFlexibleCell;
				USES_XCTRUNNER = YES;
			};
			name = Release;
		};
/* End XCBuildConfiguration section */

/* Begin XCConfigurationList section */
		7520B4821BDDC7B70098BBAE /* Build configuration list for PBXProject "TestFlexibleCell" */ = {
			isa = XCConfigurationList;
			buildConfigurations = (
				7520B4B21BDDC7B70098BBAE /* Debug */,
				7520B4B31BDDC7B70098BBAE /* Release */,
			);
			defaultConfigurationIsVisible = 0;
			defaultConfigurationName = Release;
		};
		7520B4B41BDDC7B70098BBAE /* Build configuration list for PBXNativeTarget "TestFlexibleCell" */ = {
			isa = XCConfigurationList;
			buildConfigurations = (
				7520B4B51BDDC7B70098BBAE /* Debug */,
				7520B4B61BDDC7B70098BBAE /* Release */,
			);
			defaultConfigurationIsVisible = 0;
			defaultConfigurationName = Release;
		};
		7520B4B71BDDC7B70098BBAE /* Build configuration list for PBXNativeTarget "TestFlexibleCellTests" */ = {
			isa = XCConfigurationList;
			buildConfigurations = (
				7520B4B81BDDC7B70098BBAE /* Debug */,
				7520B4B91BDDC7B70098BBAE /* Release */,
			);
			defaultConfigurationIsVisible = 0;
			defaultConfigurationName = Release;
		};
		7520B4BA1BDDC7B70098BBAE /* Build configuration list for PBXNativeTarget "TestFlexibleCellUITests" */ = {
			isa = XCConfigurationList;
			buildConfigurations = (
				7520B4BB1BDDC7B70098BBAE /* Debug */,
				7520B4BC1BDDC7B70098BBAE /* Release */,
			);
			defaultConfigurationIsVisible = 0;
			defaultConfigurationName = Release;
		};
/* End XCConfigurationList section */
	};
	rootObject = 7520B47F1BDDC7B70098BBAE /* Project object */;
}
